
Microsoft Visual Studio Solution File, Format Version 12.00
# Visual Studio Version 16
VisualStudioVersion = 16.0.31624.102
MinimumVisualStudioVersion = 10.0.40219.1
Project("{8BC9CEB8-8B4A-11D0-8D11-00A0C91BC942}") = "SiAOD2_1", "SiAOD2_1\SiAOD2_1.vcxproj", "{7E81379D-C82C-4FB3-931E-2E8B76133248}"
EndProject
Global
	GlobalSection(SolutionConfigurationPlatforms) = preSolution
		Debug|x64 = Debug|x64
		Debug|x86 = Debug|x86
		Release|x64 = Release|x64
		Release|x86 = Release|x86
	EndGlobalSection
	GlobalSection(ProjectConfigurationPlatforms) = postSolution
		{7E81379D-C82C-4FB3-931E-2E8B76133248}.Debug|x64.ActiveCfg = Debug|x64
		{7E81379D-C82C-4FB3-931E-2E8B76133248}.Debug|x64.Build.0 = Debug|x64
		{7E81379D-C82C-4FB3-931E-2E8B76133248}.Debug|x86.ActiveCfg = Debug|Win32
		{7E81379D-C82C-4FB3-931E-2E8B76133248}.Debug|x86.Build.0 = Debug|Win32
		{7E81379D-C82C-4FB3-931E-2E8B76133248}.Release|x64.ActiveCfg = Release|x64
		{7E81379D-C82C-4FB3-931E-2E8B76133248}.Release|x64.Build.0 = Release|x64
		{7E81379D-C82C-4FB3-931E-2E8B76133248}.Release|x86.ActiveCfg = Release|Win32
		{7E81379D-C82C-4FB3-931E-2E8B76133248}.Release|x86.Build.0 = Release|Win32
	EndGlobalSection
	GlobalSection(SolutionProperties) = preSolution
		HideSolutionNode = FALSE
	EndGlobalSection
	GlobalSection(ExtensibilityGlobals) = postSolution
		SolutionGuid = {D3C934F4-86A4-4BED-85E7-483404C801CD}
	EndGlobalSection
EndGlobal
